
Microsoft Visual Studio Solution File, Format Version 12.00
# Visual Studio Version 16
VisualStudioVersion = 16.0.28803.202
MinimumVisualStudioVersion = 10.0.40219.1
Project("{8BC9CEB8-8B4A-11D0-8D11-00A0C91BC942}") = "SpaceKiller", "SpaceKiller\SpaceKiller.vcxproj", "{94A63E95-62B4-4815-B57C-802B108BFCDB}"
EndProject
Global
	GlobalSection(SolutionConfigurationPlatforms) = preSolution
		Debug|x64 = Debug|x64
		Debug|x86 = Debug|x86
		Release|x64 = Release|x64
		Release|x86 = Release|x86
	EndGlobalSection
	GlobalSection(ProjectConfigurationPlatforms) = postSolution
		{94A63E95-62B4-4815-B57C-802B108BFCDB}.Debug|x64.ActiveCfg = Debug|x64
		{94A63E95-62B4-4815-B57C-802B108BFCDB}.Debug|x64.Build.0 = Debug|x64
		{94A63E95-62B4-4815-B57C-802B108BFCDB}.Debug|x86.ActiveCfg = Debug|Win32
		{94A63E95-62B4-4815-B57C-802B108BFCDB}.Debug|x86.Build.0 = Debug|Win32
		{94A63E95-62B4-4815-B57C-802B108BFCDB}.Release|x64.ActiveCfg = Release|x64
		{94A63E95-62B4-4815-B57C-802B108BFCDB}.Release|x64.Build.0 = Release|x64
		{94A63E95-62B4-4815-B57C-802B108BFCDB}.Release|x86.ActiveCfg = Release|Win32
		{94A63E95-62B4-4815-B57C-802B108BFCDB}.Release|x86.Build.0 = Release|Win32
	EndGlobalSection
	GlobalSection(SolutionProperties) = preSolution
		HideSolutionNode = FALSE
	EndGlobalSection
	GlobalSection(ExtensibilityGlobals) = postSolution
		SolutionGuid = {22EA19E6-C591-4C99-85EA-F52463F03491}
	EndGlobalSection
EndGlobal
