
Microsoft Visual Studio Solution File, Format Version 12.00
# Visual Studio Version 16
VisualStudioVersion = 16.0.28803.202
MinimumVisualStudioVersion = 10.0.40219.1
Project("{8BC9CEB8-8B4A-11D0-8D11-00A0C91BC942}") = "Analysis", "Analysis\Analysis.vcxproj", "{BE266377-F883-4755-809A-6A80CF7CCE90}"
EndProject
Global
	GlobalSection(SolutionConfigurationPlatforms) = preSolution
		Debug|x64 = Debug|x64
		Debug|x86 = Debug|x86
		Release|x64 = Release|x64
		Release|x86 = Release|x86
	EndGlobalSection
	GlobalSection(ProjectConfigurationPlatforms) = postSolution
		{BE266377-F883-4755-809A-6A80CF7CCE90}.Debug|x64.ActiveCfg = Debug|x64
		{BE266377-F883-4755-809A-6A80CF7CCE90}.Debug|x64.Build.0 = Debug|x64
		{BE266377-F883-4755-809A-6A80CF7CCE90}.Debug|x86.ActiveCfg = Debug|Win32
		{BE266377-F883-4755-809A-6A80CF7CCE90}.Debug|x86.Build.0 = Debug|Win32
		{BE266377-F883-4755-809A-6A80CF7CCE90}.Release|x64.ActiveCfg = Release|x64
		{BE266377-F883-4755-809A-6A80CF7CCE90}.Release|x64.Build.0 = Release|x64
		{BE266377-F883-4755-809A-6A80CF7CCE90}.Release|x86.ActiveCfg = Release|Win32
		{BE266377-F883-4755-809A-6A80CF7CCE90}.Release|x86.Build.0 = Release|Win32
	EndGlobalSection
	GlobalSection(SolutionProperties) = preSolution
		HideSolutionNode = FALSE
	EndGlobalSection
	GlobalSection(ExtensibilityGlobals) = postSolution
		SolutionGuid = {18480017-DE4F-479C-A7D2-4EDFE7944F01}
	EndGlobalSection
EndGlobal
